{
    "version": 3,
    "terraform_version": "0.11.11",
    "serial": 59,
    "lineage": "f2bab6d0-f7e4-2493-89fa-b7543e888990",
    "modules": [
        {
            "path": [
                "root"
            ],
            "outputs": {
                "ine_registrations_table": {
                    "sensitive": false,
                    "type": "string",
                    "value": "dev_ine_registrations"
                },
                "registration_role_arn": {
                    "sensitive": false,
                    "type": "string",
                    "value": "arn:aws:iam::759729069002:role/dev-registration-role"
                }
            },
            "resources": {},
            "depends_on": []
        },
        {
            "path": [
                "root",
                "cloud_formation_stack"
            ],
            "outputs": {},
            "resources": {
                "aws_cloudformation_stack.ine_outputs": {
                    "type": "aws_cloudformation_stack",
                    "depends_on": [],
                    "primary": {
                        "id": "arn:aws:cloudformation:eu-west-1:759729069002:stack/dev-ine-outputs/8ae736a0-6da9-11e9-9fab-02c530af27e8",
                        "attributes": {
                            "disable_rollback": "false",
                            "iam_role_arn": "",
                            "id": "arn:aws:cloudformation:eu-west-1:759729069002:stack/dev-ine-outputs/8ae736a0-6da9-11e9-9fab-02c530af27e8",
                            "name": "dev-ine-outputs",
                            "outputs.%": "11",
                            "outputs.EmailRoleARN": "arn:aws:iam::759729069002:role/dev-email-role",
                            "outputs.IneNotificationsTableName": "dev_ine_notifications",
                            "outputs.IneRegistrationsTableName": "dev_ine_registrations",
                            "outputs.PollerRoleARN": "arn:aws:iam::759729069002:role/dev-poller-role",
                            "outputs.QueueARN": "arn:aws:sqs:eu-west-1:759729069002:IneNotificationsQueue",
                            "outputs.QueueName": "IneNotificationsQueue",
                            "outputs.QueueURL": "https://sqs.eu-west-1.amazonaws.com/759729069002/IneNotificationsQueue",
                            "outputs.RoleARN": "arn:aws:iam::759729069002:role/dev-registration-role",
                            "outputs.TwillioAccountSid": "AC3c5acd9136b935f8a8829eec271785da",
                            "outputs.TwillioAuthToken": "fb703c8585344214a264893f33ba90d2",
                            "outputs.TwillioFromPhoneNumber": "+3197004880664",
                            "parameters.%": "0",
                            "tags.%": "0",
                            "template_body": "{\"Outputs\":{\"EmailRoleARN\":{\"Description\":\"ARN for Email ROle\",\"Value\":\"arn:aws:iam::759729069002:role/dev-email-role\"},\"IneNotificationsTableName\":{\"Description\":\"Table for INE Notifications\",\"Value\":\"dev_ine_notifications\"},\"IneRegistrationsTableName\":{\"Description\":\"Table for INE Registrations\",\"Value\":\"dev_ine_registrations\"},\"PollerRoleARN\":{\"Description\":\"ARN for Poller Role\",\"Value\":\"arn:aws:iam::759729069002:role/dev-poller-role\"},\"QueueARN\":{\"Description\":\"ARN of IneQueue\",\"Value\":{\"Fn::GetAtt\":[\"IneQueue\",\"Arn\"]}},\"QueueName\":{\"Description\":\"IneQueue's Name\",\"Value\":{\"Fn::GetAtt\":[\"IneQueue\",\"QueueName\"]}},\"QueueURL\":{\"Description\":\"URL of IneQueue\",\"Value\":{\"Ref\":\"IneQueue\"}},\"RoleARN\":{\"Description\":\"Registration Role ARN\",\"Value\":\"arn:aws:iam::759729069002:role/dev-registration-role\"},\"TwillioAccountSid\":{\"Description\":\"Twillio Account SID\",\"Value\":\"AC3c5acd9136b935f8a8829eec271785da\"},\"TwillioAuthToken\":{\"Description\":\"Twillio Auth Token\",\"Value\":\"fb703c8585344214a264893f33ba90d2\"},\"TwillioFromPhoneNumber\":{\"Description\":\"Phone number configured in Twillio\",\"Value\":\"+3197004880664\"}},\"Resources\":{\"IneQueue\":{\"Properties\":{\"QueueName\":\"IneNotificationsQueue\"},\"Type\":\"AWS::SQS::Queue\"}}}"
                        },
                        "meta": {
                            "e2bfb730-ecaa-11e6-8f88-34363bc7c4c0": {
                                "create": 1800000000000,
                                "delete": 1800000000000,
                                "update": 1800000000000
                            }
                        },
                        "tainted": false
                    },
                    "deposed": [],
                    "provider": "provider.aws"
                }
            },
            "depends_on": []
        },
        {
            "path": [
                "root",
                "iam_role"
            ],
            "outputs": {
                "email_role_arn": {
                    "sensitive": false,
                    "type": "string",
                    "value": "arn:aws:iam::759729069002:role/dev-email-role"
                },
                "poller_role_arn": {
                    "sensitive": false,
                    "type": "string",
                    "value": "arn:aws:iam::759729069002:role/dev-poller-role"
                },
                "registration_role_arn": {
                    "sensitive": false,
                    "type": "string",
                    "value": "arn:aws:iam::759729069002:role/dev-registration-role"
                }
            },
            "resources": {
                "aws_iam_role.email_role": {
                    "type": "aws_iam_role",
                    "depends_on": [
                        "data.template_file.assume_role_template"
                    ],
                    "primary": {
                        "id": "dev-email-role",
                        "attributes": {
                            "arn": "arn:aws:iam::759729069002:role/dev-email-role",
                            "assume_role_policy": "{\"Version\":\"2012-10-17\",\"Statement\":[{\"Sid\":\"\",\"Effect\":\"Allow\",\"Principal\":{\"Service\":\"lambda.amazonaws.com\"},\"Action\":\"sts:AssumeRole\"}]}",
                            "create_date": "2019-05-03T13:44:01Z",
                            "description": "",
                            "force_detach_policies": "false",
                            "id": "dev-email-role",
                            "max_session_duration": "3600",
                            "name": "dev-email-role",
                            "path": "/",
                            "tags.%": "0",
                            "unique_id": "AROA3BY3BTPFM3YVG2B3B"
                        },
                        "meta": {},
                        "tainted": false
                    },
                    "deposed": [],
                    "provider": "provider.aws"
                },
                "aws_iam_role.poller_role": {
                    "type": "aws_iam_role",
                    "depends_on": [
                        "data.template_file.assume_role_template"
                    ],
                    "primary": {
                        "id": "dev-poller-role",
                        "attributes": {
                            "arn": "arn:aws:iam::759729069002:role/dev-poller-role",
                            "assume_role_policy": "{\"Version\":\"2012-10-17\",\"Statement\":[{\"Sid\":\"\",\"Effect\":\"Allow\",\"Principal\":{\"Service\":\"lambda.amazonaws.com\"},\"Action\":\"sts:AssumeRole\"}]}",
                            "create_date": "2019-05-06T10:26:05Z",
                            "description": "",
                            "force_detach_policies": "false",
                            "id": "dev-poller-role",
                            "max_session_duration": "3600",
                            "name": "dev-poller-role",
                            "path": "/",
                            "tags.%": "0",
                            "unique_id": "AROA3BY3BTPFFXQH4H46Q"
                        },
                        "meta": {},
                        "tainted": false
                    },
                    "deposed": [],
                    "provider": "provider.aws"
                },
                "aws_iam_role.registration_role": {
                    "type": "aws_iam_role",
                    "depends_on": [
                        "data.template_file.assume_role_template"
                    ],
                    "primary": {
                        "id": "dev-registration-role",
                        "attributes": {
                            "arn": "arn:aws:iam::759729069002:role/dev-registration-role",
                            "assume_role_policy": "{\"Version\":\"2012-10-17\",\"Statement\":[{\"Sid\":\"\",\"Effect\":\"Allow\",\"Principal\":{\"Service\":\"lambda.amazonaws.com\"},\"Action\":\"sts:AssumeRole\"}]}",
                            "create_date": "2019-05-03T13:44:01Z",
                            "description": "",
                            "force_detach_policies": "false",
                            "id": "dev-registration-role",
                            "max_session_duration": "3600",
                            "name": "dev-registration-role",
                            "path": "/",
                            "tags.%": "0",
                            "unique_id": "AROA3BY3BTPFK4JVR2AOD"
                        },
                        "meta": {},
                        "tainted": false
                    },
                    "deposed": [],
                    "provider": "provider.aws"
                },
                "aws_iam_role_policy_attachment.dynamodbfullaccess": {
                    "type": "aws_iam_role_policy_attachment",
                    "depends_on": [
                        "aws_iam_role.registration_role"
                    ],
                    "primary": {
                        "id": "dev-registration-role-20190503134403777300000005",
                        "attributes": {
                            "id": "dev-registration-role-20190503134403777300000005",
                            "policy_arn": "arn:aws:iam::aws:policy/AmazonDynamoDBFullAccess",
                            "role": "dev-registration-role"
                        },
                        "meta": {},
                        "tainted": false
                    },
                    "deposed": [],
                    "provider": "provider.aws"
                },
                "aws_iam_role_policy_attachment.dynamodbfullaccess_": {
                    "type": "aws_iam_role_policy_attachment",
                    "depends_on": [
                        "aws_iam_role.poller_role"
                    ],
                    "primary": {
                        "id": "dev-poller-role-20190506102605978200000001",
                        "attributes": {
                            "id": "dev-poller-role-20190506102605978200000001",
                            "policy_arn": "arn:aws:iam::aws:policy/AmazonDynamoDBFullAccess",
                            "role": "dev-poller-role"
                        },
                        "meta": {},
                        "tainted": false
                    },
                    "deposed": [],
                    "provider": "provider.aws"
                },
                "aws_iam_role_policy_attachment.lambda_basic_execution_policy": {
                    "type": "aws_iam_role_policy_attachment",
                    "depends_on": [
                        "aws_iam_role.registration_role"
                    ],
                    "primary": {
                        "id": "dev-registration-role-20190503134403764800000001",
                        "attributes": {
                            "id": "dev-registration-role-20190503134403764800000001",
                            "policy_arn": "arn:aws:iam::aws:policy/service-role/AWSLambdaBasicExecutionRole",
                            "role": "dev-registration-role"
                        },
                        "meta": {},
                        "tainted": false
                    },
                    "deposed": [],
                    "provider": "provider.aws"
                },
                "aws_iam_role_policy_attachment.lambda_basic_execution_policy_": {
                    "type": "aws_iam_role_policy_attachment",
                    "depends_on": [
                        "aws_iam_role.email_role"
                    ],
                    "primary": {
                        "id": "dev-email-role-20190503134403764900000002",
                        "attributes": {
                            "id": "dev-email-role-20190503134403764900000002",
                            "policy_arn": "arn:aws:iam::aws:policy/service-role/AWSLambdaBasicExecutionRole",
                            "role": "dev-email-role"
                        },
                        "meta": {},
                        "tainted": false
                    },
                    "deposed": [],
                    "provider": "provider.aws"
                },
                "aws_iam_role_policy_attachment.lambda_basic_execution_policy__": {
                    "type": "aws_iam_role_policy_attachment",
                    "depends_on": [
                        "aws_iam_role.poller_role"
                    ],
                    "primary": {
                        "id": "dev-poller-role-20190506102939535800000001",
                        "attributes": {
                            "id": "dev-poller-role-20190506102939535800000001",
                            "policy_arn": "arn:aws:iam::aws:policy/service-role/AWSLambdaBasicExecutionRole",
                            "role": "dev-poller-role"
                        },
                        "meta": {},
                        "tainted": false
                    },
                    "deposed": [],
                    "provider": "provider.aws"
                },
                "aws_iam_role_policy_attachment.sesfullaccess": {
                    "type": "aws_iam_role_policy_attachment",
                    "depends_on": [
                        "aws_iam_role.email_role"
                    ],
                    "primary": {
                        "id": "dev-email-role-20190503134403765000000003",
                        "attributes": {
                            "id": "dev-email-role-20190503134403765000000003",
                            "policy_arn": "arn:aws:iam::aws:policy/AmazonSESFullAccess",
                            "role": "dev-email-role"
                        },
                        "meta": {},
                        "tainted": false
                    },
                    "deposed": [],
                    "provider": "provider.aws"
                },
                "aws_iam_role_policy_attachment.sqsfullaccess": {
                    "type": "aws_iam_role_policy_attachment",
                    "depends_on": [
                        "aws_iam_role.registration_role"
                    ],
                    "primary": {
                        "id": "dev-registration-role-20190503134403769400000004",
                        "attributes": {
                            "id": "dev-registration-role-20190503134403769400000004",
                            "policy_arn": "arn:aws:iam::aws:policy/AmazonSQSFullAccess",
                            "role": "dev-registration-role"
                        },
                        "meta": {},
                        "tainted": false
                    },
                    "deposed": [],
                    "provider": "provider.aws"
                },
                "aws_iam_role_policy_attachment.sqsfullaccess_": {
                    "type": "aws_iam_role_policy_attachment",
                    "depends_on": [
                        "aws_iam_role.email_role"
                    ],
                    "primary": {
                        "id": "dev-email-role-20190503134403794600000006",
                        "attributes": {
                            "id": "dev-email-role-20190503134403794600000006",
                            "policy_arn": "arn:aws:iam::aws:policy/AmazonSQSFullAccess",
                            "role": "dev-email-role"
                        },
                        "meta": {},
                        "tainted": false
                    },
                    "deposed": [],
                    "provider": "provider.aws"
                },
                "aws_iam_role_policy_attachment.sqsfullaccess__": {
                    "type": "aws_iam_role_policy_attachment",
                    "depends_on": [
                        "aws_iam_role.poller_role"
                    ],
                    "primary": {
                        "id": "dev-poller-role-20190506102605979100000002",
                        "attributes": {
                            "id": "dev-poller-role-20190506102605979100000002",
                            "policy_arn": "arn:aws:iam::aws:policy/AmazonSQSFullAccess",
                            "role": "dev-poller-role"
                        },
                        "meta": {},
                        "tainted": false
                    },
                    "deposed": [],
                    "provider": "provider.aws"
                },
                "data.template_file.assume_role_template": {
                    "type": "template_file",
                    "depends_on": [],
                    "primary": {
                        "id": "5e746934ac67f176a0fbcaed1cd8fd5b56083a275d833e778376d64a6305a2c9",
                        "attributes": {
                            "id": "5e746934ac67f176a0fbcaed1cd8fd5b56083a275d833e778376d64a6305a2c9",
                            "rendered": "{\n    \"Version\": \"2012-10-17\",\n    \"Statement\": [\n      {\n        \"Action\": \"sts:AssumeRole\",\n        \"Principal\": {\n          \"Service\": \"lambda.amazonaws.com\"\n        },\n        \"Effect\": \"Allow\",\n        \"Sid\": \"\"\n      }\n    ]\n  }",
                            "template": "{\n    \"Version\": \"2012-10-17\",\n    \"Statement\": [\n      {\n        \"Action\": \"sts:AssumeRole\",\n        \"Principal\": {\n          \"Service\": \"lambda.amazonaws.com\"\n        },\n        \"Effect\": \"Allow\",\n        \"Sid\": \"\"\n      }\n    ]\n  }"
                        },
                        "meta": {},
                        "tainted": false
                    },
                    "deposed": [],
                    "provider": "provider.template"
                }
            },
            "depends_on": []
        },
        {
            "path": [
                "root",
                "storage"
            ],
            "outputs": {
                "ine_notifications_table": {
                    "sensitive": false,
                    "type": "string",
                    "value": "dev_ine_notifications"
                },
                "ine_registrations_table": {
                    "sensitive": false,
                    "type": "string",
                    "value": "dev_ine_registrations"
                }
            },
            "resources": {
                "aws_dynamodb_table.ine_notifications": {
                    "type": "aws_dynamodb_table",
                    "depends_on": [],
                    "primary": {
                        "id": "dev_ine_notifications",
                        "attributes": {
                            "arn": "arn:aws:dynamodb:eu-west-1:759729069002:table/dev_ine_notifications",
                            "attribute.#": "1",
                            "attribute.4228504427.name": "id",
                            "attribute.4228504427.type": "S",
                            "billing_mode": "PROVISIONED",
                            "global_secondary_index.#": "0",
                            "hash_key": "id",
                            "id": "dev_ine_notifications",
                            "local_secondary_index.#": "0",
                            "name": "dev_ine_notifications",
                            "point_in_time_recovery.#": "1",
                            "point_in_time_recovery.0.enabled": "false",
                            "read_capacity": "5",
                            "server_side_encryption.#": "0",
                            "stream_arn": "",
                            "stream_enabled": "false",
                            "stream_label": "",
                            "stream_view_type": "",
                            "tags.%": "0",
                            "ttl.#": "1",
                            "ttl.0.attribute_name": "",
                            "ttl.0.enabled": "false",
                            "write_capacity": "5"
                        },
                        "meta": {
                            "e2bfb730-ecaa-11e6-8f88-34363bc7c4c0": {
                                "create": 600000000000,
                                "delete": 600000000000,
                                "update": 3600000000000
                            },
                            "schema_version": "1"
                        },
                        "tainted": false
                    },
                    "deposed": [],
                    "provider": "provider.aws"
                },
                "aws_dynamodb_table.ine_registrations": {
                    "type": "aws_dynamodb_table",
                    "depends_on": [],
                    "primary": {
                        "id": "dev_ine_registrations",
                        "attributes": {
                            "arn": "arn:aws:dynamodb:eu-west-1:759729069002:table/dev_ine_registrations",
                            "attribute.#": "1",
                            "attribute.4228504427.name": "id",
                            "attribute.4228504427.type": "S",
                            "billing_mode": "PROVISIONED",
                            "global_secondary_index.#": "0",
                            "hash_key": "id",
                            "id": "dev_ine_registrations",
                            "local_secondary_index.#": "0",
                            "name": "dev_ine_registrations",
                            "point_in_time_recovery.#": "1",
                            "point_in_time_recovery.0.enabled": "false",
                            "read_capacity": "5",
                            "server_side_encryption.#": "0",
                            "stream_arn": "",
                            "stream_enabled": "false",
                            "stream_label": "",
                            "stream_view_type": "",
                            "tags.%": "0",
                            "ttl.#": "1",
                            "ttl.0.attribute_name": "",
                            "ttl.0.enabled": "false",
                            "write_capacity": "5"
                        },
                        "meta": {
                            "e2bfb730-ecaa-11e6-8f88-34363bc7c4c0": {
                                "create": 600000000000,
                                "delete": 600000000000,
                                "update": 3600000000000
                            },
                            "schema_version": "1"
                        },
                        "tainted": false
                    },
                    "deposed": [],
                    "provider": "provider.aws"
                }
            },
            "depends_on": []
        }
    ]
}
